// !$*UTF8*$!
{
	archiveVersion = 1;
	classes = {
	};
	objectVersion = 50;
	objects = {

/* Begin PBXBuildFile section */
		95328F1D234690D500257502 /* AppDelegate.swift in Sources */ = {isa = PBXBuildFile; fileRef = 95328F1C234690D500257502 /* AppDelegate.swift */; };
		95328F1F234690D500257502 /* SceneDelegate.swift in Sources */ = {isa = PBXBuildFile; fileRef = 95328F1E234690D500257502 /* SceneDelegate.swift */; };
		95328F21234690D500257502 /* MainViewController.swift in Sources */ = {isa = PBXBuildFile; fileRef = 95328F20234690D500257502 /* MainViewController.swift */; };
		95328F24234690D500257502 /* Main.storyboard in Resources */ = {isa = PBXBuildFile; fileRef = 95328F22234690D500257502 /* Main.storyboard */; };
		95328F26234690D600257502 /* Assets.xcassets in Resources */ = {isa = PBXBuildFile; fileRef = 95328F25234690D600257502 /* Assets.xcassets */; };
		95328F29234690D600257502 /* LaunchScreen.storyboard in Resources */ = {isa = PBXBuildFile; fileRef = 95328F27234690D600257502 /* LaunchScreen.storyboard */; };
		95D3B9992346A70C008294D1 /* BookInfo.swift in Sources */ = {isa = PBXBuildFile; fileRef = 95D3B9982346A70C008294D1 /* BookInfo.swift */; };
		95D3B99B2346AD46008294D1 /* TableViewCell.swift in Sources */ = {isa = PBXBuildFile; fileRef = 95D3B99A2346AD46008294D1 /* TableViewCell.swift */; };
		95D3B99D234E659B008294D1 /* BookDetailViewController.swift in Sources */ = {isa = PBXBuildFile; fileRef = 95D3B99C234E659B008294D1 /* BookDetailViewController.swift */; };
		95D3B99F234EC5C9008294D1 /* SearchViewController.swift in Sources */ = {isa = PBXBuildFile; fileRef = 95D3B99E234EC5C9008294D1 /* SearchViewController.swift */; };
		95D3B9A3234EF7BE008294D1 /* NewBookResponse.swift in Sources */ = {isa = PBXBuildFile; fileRef = 95D3B9A2234EF7BE008294D1 /* NewBookResponse.swift */; };
		95D3B9A5234EF95F008294D1 /* CompleteBookInfo.swift in Sources */ = {isa = PBXBuildFile; fileRef = 95D3B9A4234EF95F008294D1 /* CompleteBookInfo.swift */; };
/* End PBXBuildFile section */

/* Begin PBXFileReference section */
		95328F19234690D500257502 /* Bookshelf.app */ = {isa = PBXFileReference; explicitFileType = wrapper.application; includeInIndex = 0; path = Bookshelf.app; sourceTree = BUILT_PRODUCTS_DIR; };
		95328F1C234690D500257502 /* AppDelegate.swift */ = {isa = PBXFileReference; lastKnownFileType = sourcecode.swift; path = AppDelegate.swift; sourceTree = "<group>"; };
		95328F1E234690D500257502 /* SceneDelegate.swift */ = {isa = PBXFileReference; lastKnownFileType = sourcecode.swift; path = SceneDelegate.swift; sourceTree = "<group>"; };
		95328F20234690D500257502 /* MainViewController.swift */ = {isa = PBXFileReference; lastKnownFileType = sourcecode.swift; path = MainViewController.swift; sourceTree = "<group>"; };
		95328F23234690D500257502 /* Base */ = {isa = PBXFileReference; lastKnownFileType = file.storyboard; name = Base; path = Base.lproj/Main.storyboard; sourceTree = "<group>"; };
		95328F25234690D600257502 /* Assets.xcassets */ = {isa = PBXFileReference; lastKnownFileType = folder.assetcatalog; path = Assets.xcassets; sourceTree = "<group>"; };
		95328F28234690D600257502 /* Base */ = {isa = PBXFileReference; lastKnownFileType = file.storyboard; name = Base; path = Base.lproj/LaunchScreen.storyboard; sourceTree = "<group>"; };
		95328F2A234690D600257502 /* Info.plist */ = {isa = PBXFileReference; lastKnownFileType = text.plist.xml; path = Info.plist; sourceTree = "<group>"; };
		95D3B9982346A70C008294D1 /* BookInfo.swift */ = {isa = PBXFileReference; lastKnownFileType = sourcecode.swift; path = BookInfo.swift; sourceTree = "<group>"; };
		95D3B99A2346AD46008294D1 /* TableViewCell.swift */ = {isa = PBXFileReference; lastKnownFileType = sourcecode.swift; path = TableViewCell.swift; sourceTree = "<group>"; };
		95D3B99C234E659B008294D1 /* BookDetailViewController.swift */ = {isa = PBXFileReference; lastKnownFileType = sourcecode.swift; path = BookDetailViewController.swift; sourceTree = "<group>"; };
		95D3B99E234EC5C9008294D1 /* SearchViewController.swift */ = {isa = PBXFileReference; lastKnownFileType = sourcecode.swift; path = SearchViewController.swift; sourceTree = "<group>"; };
		95D3B9A2234EF7BE008294D1 /* NewBookResponse.swift */ = {isa = PBXFileReference; lastKnownFileType = sourcecode.swift; path = NewBookResponse.swift; sourceTree = "<group>"; };
		95D3B9A4234EF95F008294D1 /* CompleteBookInfo.swift */ = {isa = PBXFileReference; lastKnownFileType = sourcecode.swift; path = CompleteBookInfo.swift; sourceTree = "<group>"; };
/* End PBXFileReference section */

/* Begin PBXFrameworksBuildPhase section */
		95328F16234690D500257502 /* Frameworks */ = {
			isa = PBXFrameworksBuildPhase;
			buildActionMask = 2147483647;
			files = (
			);
			runOnlyForDeploymentPostprocessing = 0;
		};
/* End PBXFrameworksBuildPhase section */

/* Begin PBXGroup section */
		95328F10234690D500257502 = {
			isa = PBXGroup;
			children = (
				95328F1B234690D500257502 /* Bookshelf */,
				95328F1A234690D500257502 /* Products */,
			);
			sourceTree = "<group>";
		};
		95328F1A234690D500257502 /* Products */ = {
			isa = PBXGroup;
			children = (
				95328F19234690D500257502 /* Bookshelf.app */,
			);
			name = Products;
			sourceTree = "<group>";
		};
		95328F1B234690D500257502 /* Bookshelf */ = {
			isa = PBXGroup;
			children = (
				95D3B9972346A6CA008294D1 /* Controllers */,
				95D3B9962346A6BB008294D1 /* Models */,
				95328F1C234690D500257502 /* AppDelegate.swift */,
				95328F1E234690D500257502 /* SceneDelegate.swift */,
				95328F22234690D500257502 /* Main.storyboard */,
				95328F25234690D600257502 /* Assets.xcassets */,
				95328F27234690D600257502 /* LaunchScreen.storyboard */,
				95328F2A234690D600257502 /* Info.plist */,
			);
			path = Bookshelf;
			sourceTree = "<group>";
		};
		95D3B9962346A6BB008294D1 /* Models */ = {
			isa = PBXGroup;
			children = (
				95D3B9982346A70C008294D1 /* BookInfo.swift */,
				95D3B9A2234EF7BE008294D1 /* NewBookResponse.swift */,
				95D3B9A4234EF95F008294D1 /* CompleteBookInfo.swift */,
			);
			path = Models;
			sourceTree = "<group>";
		};
		95D3B9972346A6CA008294D1 /* Controllers */ = {
			isa = PBXGroup;
			children = (
				95328F20234690D500257502 /* MainViewController.swift */,
				95D3B99C234E659B008294D1 /* BookDetailViewController.swift */,
				95D3B99E234EC5C9008294D1 /* SearchViewController.swift */,
				95D3B99A2346AD46008294D1 /* TableViewCell.swift */,
			);
			path = Controllers;
			sourceTree = "<group>";
		};
/* End PBXGroup section */

/* Begin PBXNativeTarget section */
		95328F18234690D500257502 /* Bookshelf */ = {
			isa = PBXNativeTarget;
			buildConfigurationList = 95328F2D234690D600257502 /* Build configuration list for PBXNativeTarget "Bookshelf" */;
			buildPhases = (
				95328F15234690D500257502 /* Sources */,
				95328F16234690D500257502 /* Frameworks */,
				95328F17234690D500257502 /* Resources */,
			);
			buildRules = (
			);
			dependencies = (
			);
			name = Bookshelf;
			productName = Bookshelf;
			productReference = 95328F19234690D500257502 /* Bookshelf.app */;
			productType = "com.apple.product-type.application";
		};
/* End PBXNativeTarget section */

/* Begin PBXProject section */
		95328F11234690D500257502 /* Project object */ = {
			isa = PBXProject;
			attributes = {
				LastSwiftUpdateCheck = 1100;
				LastUpgradeCheck = 1100;
				ORGANIZATIONNAME = "Eric Castronovo";
				TargetAttributes = {
					95328F18234690D500257502 = {
						CreatedOnToolsVersion = 11.0;
					};
				};
			};
			buildConfigurationList = 95328F14234690D500257502 /* Build configuration list for PBXProject "Bookshelf" */;
			compatibilityVersion = "Xcode 9.3";
			developmentRegion = en;
			hasScannedForEncodings = 0;
			knownRegions = (
				en,
				Base,
			);
			mainGroup = 95328F10234690D500257502;
			productRefGroup = 95328F1A234690D500257502 /* Products */;
			projectDirPath = "";
			projectRoot = "";
			targets = (
				95328F18234690D500257502 /* Bookshelf */,
			);
		};
/* End PBXProject section */

/* Begin PBXResourcesBuildPhase section */
		95328F17234690D500257502 /* Resources */ = {
			isa = PBXResourcesBuildPhase;
			buildActionMask = 2147483647;
			files = (
				95328F29234690D600257502 /* LaunchScreen.storyboard in Resources */,
				95328F26234690D600257502 /* Assets.xcassets in Resources */,
				95328F24234690D500257502 /* Main.storyboard in Resources */,
			);
			runOnlyForDeploymentPostprocessing = 0;
		};
/* End PBXResourcesBuildPhase section */

/* Begin PBXSourcesBuildPhase section */
		95328F15234690D500257502 /* Sources */ = {
			isa = PBXSourcesBuildPhase;
			buildActionMask = 2147483647;
			files = (
				95D3B99B2346AD46008294D1 /* TableViewCell.swift in Sources */,
				95D3B99F234EC5C9008294D1 /* SearchViewController.swift in Sources */,
				95D3B9A5234EF95F008294D1 /* CompleteBookInfo.swift in Sources */,
				95D3B9992346A70C008294D1 /* BookInfo.swift in Sources */,
				95328F21234690D500257502 /* MainViewController.swift in Sources */,
				95D3B9A3234EF7BE008294D1 /* NewBookResponse.swift in Sources */,
				95D3B99D234E659B008294D1 /* BookDetailViewController.swift in Sources */,
				95328F1D234690D500257502 /* AppDelegate.swift in Sources */,
				95328F1F234690D500257502 /* SceneDelegate.swift in Sources */,
			);
			runOnlyForDeploymentPostprocessing = 0;
		};
/* End PBXSourcesBuildPhase section */

/* Begin PBXVariantGroup section */
		95328F22234690D500257502 /* Main.storyboard */ = {
			isa = PBXVariantGroup;
			children = (
				95328F23234690D500257502 /* Base */,
			);
			name = Main.storyboard;
			sourceTree = "<group>";
		};
		95328F27234690D600257502 /* LaunchScreen.storyboard */ = {
			isa = PBXVariantGroup;
			children = (
				95328F28234690D600257502 /* Base */,
			);
			name = LaunchScreen.storyboard;
			sourceTree = "<group>";
		};
/* End PBXVariantGroup section */

/* Begin XCBuildConfiguration section */
		95328F2B234690D600257502 /* Debug */ = {
			isa = XCBuildConfiguration;
			buildSettings = {
				ALWAYS_SEARCH_USER_PATHS = NO;
				CLANG_ANALYZER_NONNULL = YES;
				CLANG_ANALYZER_NUMBER_OBJECT_CONVERSION = YES_AGGRESSIVE;
				CLANG_CXX_LANGUAGE_STANDARD = "gnu++14";
				CLANG_CXX_LIBRARY = "libc++";
				CLANG_ENABLE_MODULES = YES;
				CLANG_ENABLE_OBJC_ARC = YES;
				CLANG_ENABLE_OBJC_WEAK = YES;
				CLANG_WARN_BLOCK_CAPTURE_AUTORELEASING = YES;
				CLANG_WARN_BOOL_CONVERSION = YES;
				CLANG_WARN_COMMA = YES;
				CLANG_WARN_CONSTANT_CONVERSION = YES;
				CLANG_WARN_DEPRECATED_OBJC_IMPLEMENTATIONS = YES;
				CLANG_WARN_DIRECT_OBJC_ISA_USAGE = YES_ERROR;
				CLANG_WARN_DOCUMENTATION_COMMENTS = YES;
				CLANG_WARN_EMPTY_BODY = YES;
				CLANG_WARN_ENUM_CONVERSION = YES;
				CLANG_WARN_INFINITE_RECURSION = YES;
				CLANG_WARN_INT_CONVERSION = YES;
				CLANG_WARN_NON_LITERAL_NULL_CONVERSION = YES;
				CLANG_WARN_OBJC_IMPLICIT_RETAIN_SELF = YES;
				CLANG_WARN_OBJC_LITERAL_CONVERSION = YES;
				CLANG_WARN_OBJC_ROOT_CLASS = YES_ERROR;
				CLANG_WARN_RANGE_LOOP_ANALYSIS = YES;
				CLANG_WARN_STRICT_PROTOTYPES = YES;
				CLANG_WARN_SUSPICIOUS_MOVE = YES;
				CLANG_WARN_UNGUARDED_AVAILABILITY = YES_AGGRESSIVE;
				CLANG_WARN_UNREACHABLE_CODE = YES;
				CLANG_WARN__DUPLICATE_METHOD_MATCH = YES;
				COPY_PHASE_STRIP = NO;
				DEBUG_INFORMATION_FORMAT = dwarf;
				ENABLE_STRICT_OBJC_MSGSEND = YES;
				ENABLE_TESTABILITY = YES;
				GCC_C_LANGUAGE_STANDARD = gnu11;
				GCC_DYNAMIC_NO_PIC = NO;
				GCC_NO_COMMON_BLOCKS = YES;
				GCC_OPTIMIZATION_LEVEL = 0;
				GCC_PREPROCESSOR_DEFINITIONS = (
					"DEBUG=1",
					"$(inherited)",
				);
				GCC_WARN_64_TO_32_BIT_CONVERSION = YES;
				GCC_WARN_ABOUT_RETURN_TYPE = YES_ERROR;
				GCC_WARN_UNDECLARED_SELECTOR = YES;
				GCC_WARN_UNINITIALIZED_AUTOS = YES_AGGRESSIVE;
				GCC_WARN_UNUSED_FUNCTION = YES;
				GCC_WARN_UNUSED_VARIABLE = YES;
				IPHONEOS_DEPLOYMENT_TARGET = 13.0;
				MTL_ENABLE_DEBUG_INFO = INCLUDE_SOURCE;
				MTL_FAST_MATH = YES;
				ONLY_ACTIVE_ARCH = YES;
				SDKROOT = iphoneos;
				SWIFT_ACTIVE_COMPILATION_CONDITIONS = DEBUG;
				SWIFT_OPTIMIZATION_LEVEL = "-Onone";
			};
			name = Debug;
		};
		95328F2C234690D600257502 /* Release */ = {
			isa = XCBuildConfiguration;
			buildSettings = {
				ALWAYS_SEARCH_USER_PATHS = NO;
				CLANG_ANALYZER_NONNULL = YES;
				CLANG_ANALYZER_NUMBER_OBJECT_CONVERSION = YES_AGGRESSIVE;
				CLANG_CXX_LANGUAGE_STANDARD = "gnu++14";
				CLANG_CXX_LIBRARY = "libc++";
				CLANG_ENABLE_MODULES = YES;
				CLANG_ENABLE_OBJC_ARC = YES;
				CLANG_ENABLE_OBJC_WEAK = YES;
				CLANG_WARN_BLOCK_CAPTURE_AUTORELEASING = YES;
				CLANG_WARN_BOOL_CONVERSION = YES;
				CLANG_WARN_COMMA = YES;
				CLANG_WARN_CONSTANT_CONVERSION = YES;
				CLANG_WARN_DEPRECATED_OBJC_IMPLEMENTATIONS = YES;
				CLANG_WARN_DIRECT_OBJC_ISA_USAGE = YES_ERROR;
				CLANG_WARN_DOCUMENTATION_COMMENTS = YES;
				CLANG_WARN_EMPTY_BODY = YES;
				CLANG_WARN_ENUM_CONVERSION = YES;
				CLANG_WARN_INFINITE_RECURSION = YES;
				CLANG_WARN_INT_CONVERSION = YES;
				CLANG_WARN_NON_LITERAL_NULL_CONVERSION = YES;
				CLANG_WARN_OBJC_IMPLICIT_RETAIN_SELF = YES;
				CLANG_WARN_OBJC_LITERAL_CONVERSION = YES;
				CLANG_WARN_OBJC_ROOT_CLASS = YES_ERROR;
				CLANG_WARN_RANGE_LOOP_ANALYSIS = YES;
				CLANG_WARN_STRICT_PROTOTYPES = YES;
				CLANG_WARN_SUSPICIOUS_MOVE = YES;
				CLANG_WARN_UNGUARDED_AVAILABILITY = YES_AGGRESSIVE;
				CLANG_WARN_UNREACHABLE_CODE = YES;
				CLANG_WARN__DUPLICATE_METHOD_MATCH = YES;
				COPY_PHASE_STRIP = NO;
				DEBUG_INFORMATION_FORMAT = "dwarf-with-dsym";
				ENABLE_NS_ASSERTIONS = NO;
				ENABLE_STRICT_OBJC_MSGSEND = YES;
				GCC_C_LANGUAGE_STANDARD = gnu11;
				GCC_NO_COMMON_BLOCKS = YES;
				GCC_WARN_64_TO_32_BIT_CONVERSION = YES;
				GCC_WARN_ABOUT_RETURN_TYPE = YES_ERROR;
				GCC_WARN_UNDECLARED_SELECTOR = YES;
				GCC_WARN_UNINITIALIZED_AUTOS = YES_AGGRESSIVE;
				GCC_WARN_UNUSED_FUNCTION = YES;
				GCC_WARN_UNUSED_VARIABLE = YES;
				IPHONEOS_DEPLOYMENT_TARGET = 13.0;
				MTL_ENABLE_DEBUG_INFO = NO;
				MTL_FAST_MATH = YES;
				SDKROOT = iphoneos;
				SWIFT_COMPILATION_MODE = wholemodule;
				SWIFT_OPTIMIZATION_LEVEL = "-O";
				VALIDATE_PRODUCT = YES;
			};
			name = Release;
		};
		95328F2E234690D600257502 /* Debug */ = {
			isa = XCBuildConfiguration;
			buildSettings = {
				ASSETCATALOG_COMPILER_APPICON_NAME = AppIcon;
				CODE_SIGN_IDENTITY = "Apple Development";
				CODE_SIGN_STYLE = Automatic;
				DEVELOPMENT_TEAM = MFD66UXZM2;
				INFOPLIST_FILE = Bookshelf/Info.plist;
				LD_RUNPATH_SEARCH_PATHS = (
					"$(inherited)",
					"@executable_path/Frameworks",
				);
				PRODUCT_BUNDLE_IDENTIFIER = com.ericcastronovo..Bookshelf;
				PRODUCT_NAME = "$(TARGET_NAME)";
				PROVISIONING_PROFILE_SPECIFIER = "";
				SWIFT_VERSION = 5.0;
				TARGETED_DEVICE_FAMILY = "1,2";
			};
			name = Debug;
		};
		95328F2F234690D600257502 /* Release */ = {
			isa = XCBuildConfiguration;
			buildSettings = {
				ASSETCATALOG_COMPILER_APPICON_NAME = AppIcon;
				CODE_SIGN_IDENTITY = "Apple Development";
				CODE_SIGN_STYLE = Automatic;
				DEVELOPMENT_TEAM = MFD66UXZM2;
				INFOPLIST_FILE = Bookshelf/Info.plist;
				LD_RUNPATH_SEARCH_PATHS = (
					"$(inherited)",
					"@executable_path/Frameworks",
				);
				PRODUCT_BUNDLE_IDENTIFIER = com.ericcastronovo..Bookshelf;
				PRODUCT_NAME = "$(TARGET_NAME)";
				PROVISIONING_PROFILE_SPECIFIER = "";
				SWIFT_VERSION = 5.0;
				TARGETED_DEVICE_FAMILY = "1,2";
			};
			name = Release;
		};
/* End XCBuildConfiguration section */

/* Begin XCConfigurationList section */
		95328F14234690D500257502 /* Build configuration list for PBXProject "Bookshelf" */ = {
			isa = XCConfigurationList;
			buildConfigurations = (
				95328F2B234690D600257502 /* Debug */,
				95328F2C234690D600257502 /* Release */,
			);
			defaultConfigurationIsVisible = 0;
			defaultConfigurationName = Release;
		};
		95328F2D234690D600257502 /* Build configuration list for PBXNativeTarget "Bookshelf" */ = {
			isa = XCConfigurationList;
			buildConfigurations = (
				95328F2E234690D600257502 /* Debug */,
				95328F2F234690D600257502 /* Release */,
			);
			defaultConfigurationIsVisible = 0;
			defaultConfigurationName = Release;
		};
/* End XCConfigurationList section */
	};
	rootObject = 95328F11234690D500257502 /* Project object */;
}
